
Microsoft Visual Studio Solution File, Format Version 11.00
# Visual Studio 2010
Project("{FAE04EC0-301F-11D3-BF4B-00C04F79EFBC}") = "ProjectFlipPrototype", "ProjectFlipPrototype\ProjectFlipPrototype.csproj", "{3CC55C3F-3524-43F6-B7DD-5F3B3D591459}"
EndProject
Project("{FAE04EC0-301F-11D3-BF4B-00C04F79EFBC}") = "ProjectFlip.Services", "ProjectFlip.Services\ProjectFlip.Services.csproj", "{902C8F58-4CA9-4D16-AA01-C897FF205111}"
EndProject
Project("{FAE04EC0-301F-11D3-BF4B-00C04F79EFBC}") = "ProjectFlip.Services.Interfaces", "ProjectFlip.Services.Interfaces\ProjectFlip.Services.Interfaces.csproj", "{EBEFD9BE-F2F4-402F-9C36-A8433CEFE327}"
EndProject
Project("{FAE04EC0-301F-11D3-BF4B-00C04F79EFBC}") = "ProjectFlip.UserInterface", "ProjectFlip.UserInterface\ProjectFlip.UserInterface.csproj", "{0CB7F549-5404-4705-B38A-1C70829BC9B8}"
EndProject
Project("{FAE04EC0-301F-11D3-BF4B-00C04F79EFBC}") = "ProjectFlip.PdfConverter", "PDFConverter\ProjectFlip.PdfConverter.csproj", "{2C982C06-FFDC-4B54-A05E-26FC606FF552}"
EndProject
Project("{FAE04EC0-301F-11D3-BF4B-00C04F79EFBC}") = "ProjectFlip.PdfConverter.Interfaces", "ProjectFlip.PdfConverter.Interfaces\ProjectFlip.PdfConverter.Interfaces.csproj", "{C7ED502D-A83D-49A9-B0A5-1532EE193887}"
EndProject
Global
	GlobalSection(SolutionConfigurationPlatforms) = preSolution
		Debug|Any CPU = Debug|Any CPU
		Debug|Mixed Platforms = Debug|Mixed Platforms
		Debug|x86 = Debug|x86
		Release|Any CPU = Release|Any CPU
		Release|Mixed Platforms = Release|Mixed Platforms
		Release|x86 = Release|x86
	EndGlobalSection
	GlobalSection(ProjectConfigurationPlatforms) = postSolution
		{3CC55C3F-3524-43F6-B7DD-5F3B3D591459}.Debug|Any CPU.ActiveCfg = Debug|x86
		{3CC55C3F-3524-43F6-B7DD-5F3B3D591459}.Debug|Mixed Platforms.ActiveCfg = Debug|x86
		{3CC55C3F-3524-43F6-B7DD-5F3B3D591459}.Debug|Mixed Platforms.Build.0 = Debug|x86
		{3CC55C3F-3524-43F6-B7DD-5F3B3D591459}.Debug|x86.ActiveCfg = Debug|x86
		{3CC55C3F-3524-43F6-B7DD-5F3B3D591459}.Debug|x86.Build.0 = Debug|x86
		{3CC55C3F-3524-43F6-B7DD-5F3B3D591459}.Release|Any CPU.ActiveCfg = Release|x86
		{3CC55C3F-3524-43F6-B7DD-5F3B3D591459}.Release|Mixed Platforms.ActiveCfg = Release|x86
		{3CC55C3F-3524-43F6-B7DD-5F3B3D591459}.Release|Mixed Platforms.Build.0 = Release|x86
		{3CC55C3F-3524-43F6-B7DD-5F3B3D591459}.Release|x86.ActiveCfg = Release|x86
		{3CC55C3F-3524-43F6-B7DD-5F3B3D591459}.Release|x86.Build.0 = Release|x86
		{902C8F58-4CA9-4D16-AA01-C897FF205111}.Debug|Any CPU.ActiveCfg = Debug|Any CPU
		{902C8F58-4CA9-4D16-AA01-C897FF205111}.Debug|Any CPU.Build.0 = Debug|Any CPU
		{902C8F58-4CA9-4D16-AA01-C897FF205111}.Debug|Mixed Platforms.ActiveCfg = Debug|Any CPU
		{902C8F58-4CA9-4D16-AA01-C897FF205111}.Debug|Mixed Platforms.Build.0 = Debug|Any CPU
		{902C8F58-4CA9-4D16-AA01-C897FF205111}.Debug|x86.ActiveCfg = Debug|Any CPU
		{902C8F58-4CA9-4D16-AA01-C897FF205111}.Release|Any CPU.ActiveCfg = Release|Any CPU
		{902C8F58-4CA9-4D16-AA01-C897FF205111}.Release|Any CPU.Build.0 = Release|Any CPU
		{902C8F58-4CA9-4D16-AA01-C897FF205111}.Release|Mixed Platforms.ActiveCfg = Release|Any CPU
		{902C8F58-4CA9-4D16-AA01-C897FF205111}.Release|Mixed Platforms.Build.0 = Release|Any CPU
		{902C8F58-4CA9-4D16-AA01-C897FF205111}.Release|x86.ActiveCfg = Release|Any CPU
		{EBEFD9BE-F2F4-402F-9C36-A8433CEFE327}.Debug|Any CPU.ActiveCfg = Debug|Any CPU
		{EBEFD9BE-F2F4-402F-9C36-A8433CEFE327}.Debug|Any CPU.Build.0 = Debug|Any CPU
		{EBEFD9BE-F2F4-402F-9C36-A8433CEFE327}.Debug|Mixed Platforms.ActiveCfg = Debug|Any CPU
		{EBEFD9BE-F2F4-402F-9C36-A8433CEFE327}.Debug|Mixed Platforms.Build.0 = Debug|Any CPU
		{EBEFD9BE-F2F4-402F-9C36-A8433CEFE327}.Debug|x86.ActiveCfg = Debug|Any CPU
		{EBEFD9BE-F2F4-402F-9C36-A8433CEFE327}.Release|Any CPU.ActiveCfg = Release|Any CPU
		{EBEFD9BE-F2F4-402F-9C36-A8433CEFE327}.Release|Any CPU.Build.0 = Release|Any CPU
		{EBEFD9BE-F2F4-402F-9C36-A8433CEFE327}.Release|Mixed Platforms.ActiveCfg = Release|Any CPU
		{EBEFD9BE-F2F4-402F-9C36-A8433CEFE327}.Release|Mixed Platforms.Build.0 = Release|Any CPU
		{EBEFD9BE-F2F4-402F-9C36-A8433CEFE327}.Release|x86.ActiveCfg = Release|Any CPU
		{0CB7F549-5404-4705-B38A-1C70829BC9B8}.Debug|Any CPU.ActiveCfg = Debug|Any CPU
		{0CB7F549-5404-4705-B38A-1C70829BC9B8}.Debug|Any CPU.Build.0 = Debug|Any CPU
		{0CB7F549-5404-4705-B38A-1C70829BC9B8}.Debug|Mixed Platforms.ActiveCfg = Debug|Any CPU
		{0CB7F549-5404-4705-B38A-1C70829BC9B8}.Debug|Mixed Platforms.Build.0 = Debug|Any CPU
		{0CB7F549-5404-4705-B38A-1C70829BC9B8}.Debug|x86.ActiveCfg = Debug|Any CPU
		{0CB7F549-5404-4705-B38A-1C70829BC9B8}.Release|Any CPU.ActiveCfg = Release|Any CPU
		{0CB7F549-5404-4705-B38A-1C70829BC9B8}.Release|Any CPU.Build.0 = Release|Any CPU
		{0CB7F549-5404-4705-B38A-1C70829BC9B8}.Release|Mixed Platforms.ActiveCfg = Release|Any CPU
		{0CB7F549-5404-4705-B38A-1C70829BC9B8}.Release|Mixed Platforms.Build.0 = Release|Any CPU
		{0CB7F549-5404-4705-B38A-1C70829BC9B8}.Release|x86.ActiveCfg = Release|Any CPU
		{2C982C06-FFDC-4B54-A05E-26FC606FF552}.Debug|Any CPU.ActiveCfg = Debug|x86
		{2C982C06-FFDC-4B54-A05E-26FC606FF552}.Debug|Mixed Platforms.ActiveCfg = Debug|x86
		{2C982C06-FFDC-4B54-A05E-26FC606FF552}.Debug|Mixed Platforms.Build.0 = Debug|x86
		{2C982C06-FFDC-4B54-A05E-26FC606FF552}.Debug|x86.ActiveCfg = Debug|x86
		{2C982C06-FFDC-4B54-A05E-26FC606FF552}.Debug|x86.Build.0 = Debug|x86
		{2C982C06-FFDC-4B54-A05E-26FC606FF552}.Release|Any CPU.ActiveCfg = Release|x86
		{2C982C06-FFDC-4B54-A05E-26FC606FF552}.Release|Mixed Platforms.ActiveCfg = Release|x86
		{2C982C06-FFDC-4B54-A05E-26FC606FF552}.Release|Mixed Platforms.Build.0 = Release|x86
		{2C982C06-FFDC-4B54-A05E-26FC606FF552}.Release|x86.ActiveCfg = Release|x86
		{2C982C06-FFDC-4B54-A05E-26FC606FF552}.Release|x86.Build.0 = Release|x86
		{C7ED502D-A83D-49A9-B0A5-1532EE193887}.Debug|Any CPU.ActiveCfg = Debug|Any CPU
		{C7ED502D-A83D-49A9-B0A5-1532EE193887}.Debug|Any CPU.Build.0 = Debug|Any CPU
		{C7ED502D-A83D-49A9-B0A5-1532EE193887}.Debug|Mixed Platforms.ActiveCfg = Debug|Any CPU
		{C7ED502D-A83D-49A9-B0A5-1532EE193887}.Debug|Mixed Platforms.Build.0 = Debug|Any CPU
		{C7ED502D-A83D-49A9-B0A5-1532EE193887}.Debug|x86.ActiveCfg = Debug|Any CPU
		{C7ED502D-A83D-49A9-B0A5-1532EE193887}.Release|Any CPU.ActiveCfg = Release|Any CPU
		{C7ED502D-A83D-49A9-B0A5-1532EE193887}.Release|Any CPU.Build.0 = Release|Any CPU
		{C7ED502D-A83D-49A9-B0A5-1532EE193887}.Release|Mixed Platforms.ActiveCfg = Release|Any CPU
		{C7ED502D-A83D-49A9-B0A5-1532EE193887}.Release|Mixed Platforms.Build.0 = Release|Any CPU
		{C7ED502D-A83D-49A9-B0A5-1532EE193887}.Release|x86.ActiveCfg = Release|Any CPU
	EndGlobalSection
	GlobalSection(SolutionProperties) = preSolution
		HideSolutionNode = FALSE
	EndGlobalSection
EndGlobal
