
Microsoft Visual Studio Solution File, Format Version 11.00
# Visual Studio 2010
Project("{FAE04EC0-301F-11D3-BF4B-00C04F79EFBC}") = "ProjectFlip", "ProjectFlip\ProjectFlip.csproj", "{3CC55C3F-3524-43F6-B7DD-5F3B3D591459}"
EndProject
Project("{FAE04EC0-301F-11D3-BF4B-00C04F79EFBC}") = "ProjectFlip.Services", "ProjectFlip.Services\ProjectFlip.Services.csproj", "{902C8F58-4CA9-4D16-AA01-C897FF205111}"
EndProject
Project("{FAE04EC0-301F-11D3-BF4B-00C04F79EFBC}") = "ProjectFlip.Services.Interfaces", "ProjectFlip.Services.Interfaces\ProjectFlip.Services.Interfaces.csproj", "{EBEFD9BE-F2F4-402F-9C36-A8433CEFE327}"
EndProject
Project("{FAE04EC0-301F-11D3-BF4B-00C04F79EFBC}") = "ProjectFlip.UserInterface", "ProjectFlip.UserInterface\ProjectFlip.UserInterface.csproj", "{0CB7F549-5404-4705-B38A-1C70829BC9B8}"
EndProject
Project("{FAE04EC0-301F-11D3-BF4B-00C04F79EFBC}") = "ProjectFlip.Converter.Pdf", "PDFConverter\ProjectFlip.Converter.Pdf.csproj", "{2C982C06-FFDC-4B54-A05E-26FC606FF552}"
EndProject
Project("{FAE04EC0-301F-11D3-BF4B-00C04F79EFBC}") = "ProjectFlip.Converter.Interfaces", "ProjectFlip.PdfConverter.Interfaces\ProjectFlip.Converter.Interfaces.csproj", "{C7ED502D-A83D-49A9-B0A5-1532EE193887}"
EndProject
Project("{FAE04EC0-301F-11D3-BF4B-00C04F79EFBC}") = "ProjectFlip.UserInterface.Surface", "ProjectFlip.UserInterface.Surface\ProjectFlip.UserInterface.Surface.csproj", "{5DE0AEBD-753D-4F52-A062-75BC6DE1FB23}"
EndProject
Project("{FAE04EC0-301F-11D3-BF4B-00C04F79EFBC}") = "ProjectFlip.Services.Loader", "ProjectFlip.Importer\ProjectFlip.Services.Loader.csproj", "{761B0F94-E5E6-43EF-8F1B-475AFBDE6BE0}"
EndProject
Project("{FAE04EC0-301F-11D3-BF4B-00C04F79EFBC}") = "ProjectFlip.Preparer", "ProjectFlip.Preparer\ProjectFlip.Preparer.csproj", "{13D14388-0E29-4911-816E-CEF9FFFEE4C7}"
EndProject
Project("{FAE04EC0-301F-11D3-BF4B-00C04F79EFBC}") = "ProjectFlip.Services.Loader.Interfaces", "ProjectFlip.Services.Loader.Interfaces\ProjectFlip.Services.Loader.Interfaces.csproj", "{C478FCE9-01DE-49E0-915D-68A1B6B556F2}"
EndProject
Project("{2150E333-8FDC-42A3-9474-1A3956D46DE8}") = "Solution Items", "Solution Items", "{44241FFB-D931-4281-86D1-668351A9D921}"
	ProjectSection(SolutionItems) = preProject
		Local.testsettings = Local.testsettings
		ProjectFlip.vsmdi = ProjectFlip.vsmdi
		TraceAndTestImpact.testsettings = TraceAndTestImpact.testsettings
	EndProjectSection
EndProject
Project("{FAE04EC0-301F-11D3-BF4B-00C04F79EFBC}") = "ProjectFlip.UserInterface.Surface.Test", "ProjectFlip.UserInterface.Surface.Test\ProjectFlip.UserInterface.Surface.Test.csproj", "{52E69CE2-F2D9-4BA0-A5CD-0EC7EBC940E1}"
EndProject
Project("{FAE04EC0-301F-11D3-BF4B-00C04F79EFBC}") = "ProjectFlip.Services.Loader.Test", "ProjectFlip.Services.Loader.Test\ProjectFlip.Services.Loader.Test.csproj", "{FC69E05D-B400-4739-B75B-96D9E5E1C5B1}"
EndProject
Project("{2150E333-8FDC-42A3-9474-1A3956D46DE8}") = "Preparer", "Preparer", "{5D09F1F8-B5E4-4B64-BFBF-930C6ED541A9}"
EndProject
Project("{2150E333-8FDC-42A3-9474-1A3956D46DE8}") = "Converter", "Converter", "{A270E5A0-2345-43DE-8A6C-1F4614F5FE99}"
EndProject
Project("{2150E333-8FDC-42A3-9474-1A3956D46DE8}") = "Services", "Services", "{010EF7EF-E63B-42CD-B2C1-12AE95D9BF00}"
EndProject
Project("{2150E333-8FDC-42A3-9474-1A3956D46DE8}") = "UserInterface", "UserInterface", "{F1E7BCCC-831E-45F4-A5B7-5EA0A0E405D6}"
EndProject
Project("{FAE04EC0-301F-11D3-BF4B-00C04F79EFBC}") = "ProjectFlip.Services.Test", "ProjectFlip.Services.Test\ProjectFlip.Services.Test.csproj", "{AB66F867-7455-444D-953B-ABE89E9D2C1B}"
EndProject
Project("{FAE04EC0-301F-11D3-BF4B-00C04F79EFBC}") = "ProjectFlip.Preparer.Test", "ProjectFlip.Preparer.Test\ProjectFlip.Preparer.Test.csproj", "{46A131BC-5052-4D95-84EC-1A7BA6D1729D}"
EndProject
Global
	GlobalSection(TestCaseManagementSettings) = postSolution
		CategoryFile = ProjectFlip.vsmdi
	EndGlobalSection
	GlobalSection(SolutionConfigurationPlatforms) = preSolution
		Debug|Any CPU = Debug|Any CPU
		Debug|Mixed Platforms = Debug|Mixed Platforms
		Debug|x86 = Debug|x86
		Release|Any CPU = Release|Any CPU
		Release|Mixed Platforms = Release|Mixed Platforms
		Release|x86 = Release|x86
	EndGlobalSection
	GlobalSection(ProjectConfigurationPlatforms) = postSolution
		{3CC55C3F-3524-43F6-B7DD-5F3B3D591459}.Debug|Any CPU.ActiveCfg = Debug|x86
		{3CC55C3F-3524-43F6-B7DD-5F3B3D591459}.Debug|Mixed Platforms.ActiveCfg = Debug|x86
		{3CC55C3F-3524-43F6-B7DD-5F3B3D591459}.Debug|Mixed Platforms.Build.0 = Debug|x86
		{3CC55C3F-3524-43F6-B7DD-5F3B3D591459}.Debug|x86.ActiveCfg = Debug|x86
		{3CC55C3F-3524-43F6-B7DD-5F3B3D591459}.Debug|x86.Build.0 = Debug|x86
		{3CC55C3F-3524-43F6-B7DD-5F3B3D591459}.Release|Any CPU.ActiveCfg = Release|x86
		{3CC55C3F-3524-43F6-B7DD-5F3B3D591459}.Release|Mixed Platforms.ActiveCfg = Release|x86
		{3CC55C3F-3524-43F6-B7DD-5F3B3D591459}.Release|Mixed Platforms.Build.0 = Release|x86
		{3CC55C3F-3524-43F6-B7DD-5F3B3D591459}.Release|x86.ActiveCfg = Release|x86
		{3CC55C3F-3524-43F6-B7DD-5F3B3D591459}.Release|x86.Build.0 = Release|x86
		{902C8F58-4CA9-4D16-AA01-C897FF205111}.Debug|Any CPU.ActiveCfg = Debug|Any CPU
		{902C8F58-4CA9-4D16-AA01-C897FF205111}.Debug|Any CPU.Build.0 = Debug|Any CPU
		{902C8F58-4CA9-4D16-AA01-C897FF205111}.Debug|Mixed Platforms.ActiveCfg = Debug|Any CPU
		{902C8F58-4CA9-4D16-AA01-C897FF205111}.Debug|Mixed Platforms.Build.0 = Debug|Any CPU
		{902C8F58-4CA9-4D16-AA01-C897FF205111}.Debug|x86.ActiveCfg = Debug|Any CPU
		{902C8F58-4CA9-4D16-AA01-C897FF205111}.Release|Any CPU.ActiveCfg = Release|Any CPU
		{902C8F58-4CA9-4D16-AA01-C897FF205111}.Release|Any CPU.Build.0 = Release|Any CPU
		{902C8F58-4CA9-4D16-AA01-C897FF205111}.Release|Mixed Platforms.ActiveCfg = Release|Any CPU
		{902C8F58-4CA9-4D16-AA01-C897FF205111}.Release|Mixed Platforms.Build.0 = Release|Any CPU
		{902C8F58-4CA9-4D16-AA01-C897FF205111}.Release|x86.ActiveCfg = Release|Any CPU
		{EBEFD9BE-F2F4-402F-9C36-A8433CEFE327}.Debug|Any CPU.ActiveCfg = Debug|Any CPU
		{EBEFD9BE-F2F4-402F-9C36-A8433CEFE327}.Debug|Any CPU.Build.0 = Debug|Any CPU
		{EBEFD9BE-F2F4-402F-9C36-A8433CEFE327}.Debug|Mixed Platforms.ActiveCfg = Debug|Any CPU
		{EBEFD9BE-F2F4-402F-9C36-A8433CEFE327}.Debug|Mixed Platforms.Build.0 = Debug|Any CPU
		{EBEFD9BE-F2F4-402F-9C36-A8433CEFE327}.Debug|x86.ActiveCfg = Debug|Any CPU
		{EBEFD9BE-F2F4-402F-9C36-A8433CEFE327}.Release|Any CPU.ActiveCfg = Release|Any CPU
		{EBEFD9BE-F2F4-402F-9C36-A8433CEFE327}.Release|Any CPU.Build.0 = Release|Any CPU
		{EBEFD9BE-F2F4-402F-9C36-A8433CEFE327}.Release|Mixed Platforms.ActiveCfg = Release|Any CPU
		{EBEFD9BE-F2F4-402F-9C36-A8433CEFE327}.Release|Mixed Platforms.Build.0 = Release|Any CPU
		{EBEFD9BE-F2F4-402F-9C36-A8433CEFE327}.Release|x86.ActiveCfg = Release|Any CPU
		{0CB7F549-5404-4705-B38A-1C70829BC9B8}.Debug|Any CPU.ActiveCfg = Debug|Any CPU
		{0CB7F549-5404-4705-B38A-1C70829BC9B8}.Debug|Any CPU.Build.0 = Debug|Any CPU
		{0CB7F549-5404-4705-B38A-1C70829BC9B8}.Debug|Mixed Platforms.ActiveCfg = Debug|Any CPU
		{0CB7F549-5404-4705-B38A-1C70829BC9B8}.Debug|Mixed Platforms.Build.0 = Debug|Any CPU
		{0CB7F549-5404-4705-B38A-1C70829BC9B8}.Debug|x86.ActiveCfg = Debug|Any CPU
		{0CB7F549-5404-4705-B38A-1C70829BC9B8}.Release|Any CPU.ActiveCfg = Release|Any CPU
		{0CB7F549-5404-4705-B38A-1C70829BC9B8}.Release|Any CPU.Build.0 = Release|Any CPU
		{0CB7F549-5404-4705-B38A-1C70829BC9B8}.Release|Mixed Platforms.ActiveCfg = Release|Any CPU
		{0CB7F549-5404-4705-B38A-1C70829BC9B8}.Release|Mixed Platforms.Build.0 = Release|Any CPU
		{0CB7F549-5404-4705-B38A-1C70829BC9B8}.Release|x86.ActiveCfg = Release|Any CPU
		{2C982C06-FFDC-4B54-A05E-26FC606FF552}.Debug|Any CPU.ActiveCfg = Debug|x86
		{2C982C06-FFDC-4B54-A05E-26FC606FF552}.Debug|Mixed Platforms.ActiveCfg = Debug|x86
		{2C982C06-FFDC-4B54-A05E-26FC606FF552}.Debug|Mixed Platforms.Build.0 = Debug|x86
		{2C982C06-FFDC-4B54-A05E-26FC606FF552}.Debug|x86.ActiveCfg = Debug|x86
		{2C982C06-FFDC-4B54-A05E-26FC606FF552}.Debug|x86.Build.0 = Debug|x86
		{2C982C06-FFDC-4B54-A05E-26FC606FF552}.Release|Any CPU.ActiveCfg = Release|x86
		{2C982C06-FFDC-4B54-A05E-26FC606FF552}.Release|Mixed Platforms.ActiveCfg = Release|x86
		{2C982C06-FFDC-4B54-A05E-26FC606FF552}.Release|Mixed Platforms.Build.0 = Release|x86
		{2C982C06-FFDC-4B54-A05E-26FC606FF552}.Release|x86.ActiveCfg = Release|x86
		{2C982C06-FFDC-4B54-A05E-26FC606FF552}.Release|x86.Build.0 = Release|x86
		{C7ED502D-A83D-49A9-B0A5-1532EE193887}.Debug|Any CPU.ActiveCfg = Debug|Any CPU
		{C7ED502D-A83D-49A9-B0A5-1532EE193887}.Debug|Any CPU.Build.0 = Debug|Any CPU
		{C7ED502D-A83D-49A9-B0A5-1532EE193887}.Debug|Mixed Platforms.ActiveCfg = Debug|Any CPU
		{C7ED502D-A83D-49A9-B0A5-1532EE193887}.Debug|Mixed Platforms.Build.0 = Debug|Any CPU
		{C7ED502D-A83D-49A9-B0A5-1532EE193887}.Debug|x86.ActiveCfg = Debug|Any CPU
		{C7ED502D-A83D-49A9-B0A5-1532EE193887}.Release|Any CPU.ActiveCfg = Release|Any CPU
		{C7ED502D-A83D-49A9-B0A5-1532EE193887}.Release|Any CPU.Build.0 = Release|Any CPU
		{C7ED502D-A83D-49A9-B0A5-1532EE193887}.Release|Mixed Platforms.ActiveCfg = Release|Any CPU
		{C7ED502D-A83D-49A9-B0A5-1532EE193887}.Release|Mixed Platforms.Build.0 = Release|Any CPU
		{C7ED502D-A83D-49A9-B0A5-1532EE193887}.Release|x86.ActiveCfg = Release|Any CPU
		{5DE0AEBD-753D-4F52-A062-75BC6DE1FB23}.Debug|Any CPU.ActiveCfg = Debug|Any CPU
		{5DE0AEBD-753D-4F52-A062-75BC6DE1FB23}.Debug|Any CPU.Build.0 = Debug|Any CPU
		{5DE0AEBD-753D-4F52-A062-75BC6DE1FB23}.Debug|Mixed Platforms.ActiveCfg = Debug|Any CPU
		{5DE0AEBD-753D-4F52-A062-75BC6DE1FB23}.Debug|Mixed Platforms.Build.0 = Debug|Any CPU
		{5DE0AEBD-753D-4F52-A062-75BC6DE1FB23}.Debug|x86.ActiveCfg = Debug|Any CPU
		{5DE0AEBD-753D-4F52-A062-75BC6DE1FB23}.Release|Any CPU.ActiveCfg = Release|Any CPU
		{5DE0AEBD-753D-4F52-A062-75BC6DE1FB23}.Release|Any CPU.Build.0 = Release|Any CPU
		{5DE0AEBD-753D-4F52-A062-75BC6DE1FB23}.Release|Mixed Platforms.ActiveCfg = Release|Any CPU
		{5DE0AEBD-753D-4F52-A062-75BC6DE1FB23}.Release|Mixed Platforms.Build.0 = Release|Any CPU
		{5DE0AEBD-753D-4F52-A062-75BC6DE1FB23}.Release|x86.ActiveCfg = Release|Any CPU
		{761B0F94-E5E6-43EF-8F1B-475AFBDE6BE0}.Debug|Any CPU.ActiveCfg = Debug|x86
		{761B0F94-E5E6-43EF-8F1B-475AFBDE6BE0}.Debug|Mixed Platforms.ActiveCfg = Debug|x86
		{761B0F94-E5E6-43EF-8F1B-475AFBDE6BE0}.Debug|Mixed Platforms.Build.0 = Debug|x86
		{761B0F94-E5E6-43EF-8F1B-475AFBDE6BE0}.Debug|x86.ActiveCfg = Debug|x86
		{761B0F94-E5E6-43EF-8F1B-475AFBDE6BE0}.Debug|x86.Build.0 = Debug|x86
		{761B0F94-E5E6-43EF-8F1B-475AFBDE6BE0}.Release|Any CPU.ActiveCfg = Release|x86
		{761B0F94-E5E6-43EF-8F1B-475AFBDE6BE0}.Release|Mixed Platforms.ActiveCfg = Release|x86
		{761B0F94-E5E6-43EF-8F1B-475AFBDE6BE0}.Release|Mixed Platforms.Build.0 = Release|x86
		{761B0F94-E5E6-43EF-8F1B-475AFBDE6BE0}.Release|x86.ActiveCfg = Release|x86
		{761B0F94-E5E6-43EF-8F1B-475AFBDE6BE0}.Release|x86.Build.0 = Release|x86
		{13D14388-0E29-4911-816E-CEF9FFFEE4C7}.Debug|Any CPU.ActiveCfg = Debug|x86
		{13D14388-0E29-4911-816E-CEF9FFFEE4C7}.Debug|Mixed Platforms.ActiveCfg = Debug|x86
		{13D14388-0E29-4911-816E-CEF9FFFEE4C7}.Debug|Mixed Platforms.Build.0 = Debug|x86
		{13D14388-0E29-4911-816E-CEF9FFFEE4C7}.Debug|x86.ActiveCfg = Debug|x86
		{13D14388-0E29-4911-816E-CEF9FFFEE4C7}.Debug|x86.Build.0 = Debug|x86
		{13D14388-0E29-4911-816E-CEF9FFFEE4C7}.Release|Any CPU.ActiveCfg = Release|x86
		{13D14388-0E29-4911-816E-CEF9FFFEE4C7}.Release|Mixed Platforms.ActiveCfg = Release|x86
		{13D14388-0E29-4911-816E-CEF9FFFEE4C7}.Release|Mixed Platforms.Build.0 = Release|x86
		{13D14388-0E29-4911-816E-CEF9FFFEE4C7}.Release|x86.ActiveCfg = Release|x86
		{13D14388-0E29-4911-816E-CEF9FFFEE4C7}.Release|x86.Build.0 = Release|x86
		{C478FCE9-01DE-49E0-915D-68A1B6B556F2}.Debug|Any CPU.ActiveCfg = Debug|Any CPU
		{C478FCE9-01DE-49E0-915D-68A1B6B556F2}.Debug|Any CPU.Build.0 = Debug|Any CPU
		{C478FCE9-01DE-49E0-915D-68A1B6B556F2}.Debug|Mixed Platforms.ActiveCfg = Debug|Any CPU
		{C478FCE9-01DE-49E0-915D-68A1B6B556F2}.Debug|Mixed Platforms.Build.0 = Debug|Any CPU
		{C478FCE9-01DE-49E0-915D-68A1B6B556F2}.Debug|x86.ActiveCfg = Debug|Any CPU
		{C478FCE9-01DE-49E0-915D-68A1B6B556F2}.Release|Any CPU.ActiveCfg = Release|Any CPU
		{C478FCE9-01DE-49E0-915D-68A1B6B556F2}.Release|Any CPU.Build.0 = Release|Any CPU
		{C478FCE9-01DE-49E0-915D-68A1B6B556F2}.Release|Mixed Platforms.ActiveCfg = Release|Any CPU
		{C478FCE9-01DE-49E0-915D-68A1B6B556F2}.Release|Mixed Platforms.Build.0 = Release|Any CPU
		{C478FCE9-01DE-49E0-915D-68A1B6B556F2}.Release|x86.ActiveCfg = Release|Any CPU
		{52E69CE2-F2D9-4BA0-A5CD-0EC7EBC940E1}.Debug|Any CPU.ActiveCfg = Debug|Any CPU
		{52E69CE2-F2D9-4BA0-A5CD-0EC7EBC940E1}.Debug|Any CPU.Build.0 = Debug|Any CPU
		{52E69CE2-F2D9-4BA0-A5CD-0EC7EBC940E1}.Debug|Mixed Platforms.ActiveCfg = Debug|Any CPU
		{52E69CE2-F2D9-4BA0-A5CD-0EC7EBC940E1}.Debug|Mixed Platforms.Build.0 = Debug|Any CPU
		{52E69CE2-F2D9-4BA0-A5CD-0EC7EBC940E1}.Debug|x86.ActiveCfg = Debug|Any CPU
		{52E69CE2-F2D9-4BA0-A5CD-0EC7EBC940E1}.Release|Any CPU.ActiveCfg = Release|Any CPU
		{52E69CE2-F2D9-4BA0-A5CD-0EC7EBC940E1}.Release|Any CPU.Build.0 = Release|Any CPU
		{52E69CE2-F2D9-4BA0-A5CD-0EC7EBC940E1}.Release|Mixed Platforms.ActiveCfg = Release|Any CPU
		{52E69CE2-F2D9-4BA0-A5CD-0EC7EBC940E1}.Release|Mixed Platforms.Build.0 = Release|Any CPU
		{52E69CE2-F2D9-4BA0-A5CD-0EC7EBC940E1}.Release|x86.ActiveCfg = Release|Any CPU
		{FC69E05D-B400-4739-B75B-96D9E5E1C5B1}.Debug|Any CPU.ActiveCfg = Debug|Any CPU
		{FC69E05D-B400-4739-B75B-96D9E5E1C5B1}.Debug|Any CPU.Build.0 = Debug|Any CPU
		{FC69E05D-B400-4739-B75B-96D9E5E1C5B1}.Debug|Mixed Platforms.ActiveCfg = Debug|Any CPU
		{FC69E05D-B400-4739-B75B-96D9E5E1C5B1}.Debug|Mixed Platforms.Build.0 = Debug|Any CPU
		{FC69E05D-B400-4739-B75B-96D9E5E1C5B1}.Debug|x86.ActiveCfg = Debug|Any CPU
		{FC69E05D-B400-4739-B75B-96D9E5E1C5B1}.Release|Any CPU.ActiveCfg = Release|Any CPU
		{FC69E05D-B400-4739-B75B-96D9E5E1C5B1}.Release|Any CPU.Build.0 = Release|Any CPU
		{FC69E05D-B400-4739-B75B-96D9E5E1C5B1}.Release|Mixed Platforms.ActiveCfg = Release|Any CPU
		{FC69E05D-B400-4739-B75B-96D9E5E1C5B1}.Release|Mixed Platforms.Build.0 = Release|Any CPU
		{FC69E05D-B400-4739-B75B-96D9E5E1C5B1}.Release|x86.ActiveCfg = Release|Any CPU
		{AB66F867-7455-444D-953B-ABE89E9D2C1B}.Debug|Any CPU.ActiveCfg = Debug|Any CPU
		{AB66F867-7455-444D-953B-ABE89E9D2C1B}.Debug|Any CPU.Build.0 = Debug|Any CPU
		{AB66F867-7455-444D-953B-ABE89E9D2C1B}.Debug|Mixed Platforms.ActiveCfg = Debug|Any CPU
		{AB66F867-7455-444D-953B-ABE89E9D2C1B}.Debug|Mixed Platforms.Build.0 = Debug|Any CPU
		{AB66F867-7455-444D-953B-ABE89E9D2C1B}.Debug|x86.ActiveCfg = Debug|Any CPU
		{AB66F867-7455-444D-953B-ABE89E9D2C1B}.Release|Any CPU.ActiveCfg = Release|Any CPU
		{AB66F867-7455-444D-953B-ABE89E9D2C1B}.Release|Any CPU.Build.0 = Release|Any CPU
		{AB66F867-7455-444D-953B-ABE89E9D2C1B}.Release|Mixed Platforms.ActiveCfg = Release|Any CPU
		{AB66F867-7455-444D-953B-ABE89E9D2C1B}.Release|Mixed Platforms.Build.0 = Release|Any CPU
		{AB66F867-7455-444D-953B-ABE89E9D2C1B}.Release|x86.ActiveCfg = Release|Any CPU
		{46A131BC-5052-4D95-84EC-1A7BA6D1729D}.Debug|Any CPU.ActiveCfg = Debug|Any CPU
		{46A131BC-5052-4D95-84EC-1A7BA6D1729D}.Debug|Any CPU.Build.0 = Debug|Any CPU
		{46A131BC-5052-4D95-84EC-1A7BA6D1729D}.Debug|Mixed Platforms.ActiveCfg = Debug|Any CPU
		{46A131BC-5052-4D95-84EC-1A7BA6D1729D}.Debug|Mixed Platforms.Build.0 = Debug|Any CPU
		{46A131BC-5052-4D95-84EC-1A7BA6D1729D}.Debug|x86.ActiveCfg = Debug|Any CPU
		{46A131BC-5052-4D95-84EC-1A7BA6D1729D}.Release|Any CPU.ActiveCfg = Release|Any CPU
		{46A131BC-5052-4D95-84EC-1A7BA6D1729D}.Release|Any CPU.Build.0 = Release|Any CPU
		{46A131BC-5052-4D95-84EC-1A7BA6D1729D}.Release|Mixed Platforms.ActiveCfg = Release|Any CPU
		{46A131BC-5052-4D95-84EC-1A7BA6D1729D}.Release|Mixed Platforms.Build.0 = Release|Any CPU
		{46A131BC-5052-4D95-84EC-1A7BA6D1729D}.Release|x86.ActiveCfg = Release|Any CPU
	EndGlobalSection
	GlobalSection(SolutionProperties) = preSolution
		HideSolutionNode = FALSE
	EndGlobalSection
	GlobalSection(NestedProjects) = preSolution
		{EBEFD9BE-F2F4-402F-9C36-A8433CEFE327} = {010EF7EF-E63B-42CD-B2C1-12AE95D9BF00}
		{761B0F94-E5E6-43EF-8F1B-475AFBDE6BE0} = {010EF7EF-E63B-42CD-B2C1-12AE95D9BF00}
		{C478FCE9-01DE-49E0-915D-68A1B6B556F2} = {010EF7EF-E63B-42CD-B2C1-12AE95D9BF00}
		{FC69E05D-B400-4739-B75B-96D9E5E1C5B1} = {010EF7EF-E63B-42CD-B2C1-12AE95D9BF00}
		{902C8F58-4CA9-4D16-AA01-C897FF205111} = {010EF7EF-E63B-42CD-B2C1-12AE95D9BF00}
		{AB66F867-7455-444D-953B-ABE89E9D2C1B} = {010EF7EF-E63B-42CD-B2C1-12AE95D9BF00}
		{5DE0AEBD-753D-4F52-A062-75BC6DE1FB23} = {F1E7BCCC-831E-45F4-A5B7-5EA0A0E405D6}
		{52E69CE2-F2D9-4BA0-A5CD-0EC7EBC940E1} = {F1E7BCCC-831E-45F4-A5B7-5EA0A0E405D6}
		{0CB7F549-5404-4705-B38A-1C70829BC9B8} = {F1E7BCCC-831E-45F4-A5B7-5EA0A0E405D6}
		{C7ED502D-A83D-49A9-B0A5-1532EE193887} = {A270E5A0-2345-43DE-8A6C-1F4614F5FE99}
		{2C982C06-FFDC-4B54-A05E-26FC606FF552} = {A270E5A0-2345-43DE-8A6C-1F4614F5FE99}
		{13D14388-0E29-4911-816E-CEF9FFFEE4C7} = {5D09F1F8-B5E4-4B64-BFBF-930C6ED541A9}
		{46A131BC-5052-4D95-84EC-1A7BA6D1729D} = {5D09F1F8-B5E4-4B64-BFBF-930C6ED541A9}
	EndGlobalSection
EndGlobal
